# Exact Alpine v3.21 x86_64 package closure for the M-3 agent-runtime tools.
# Format: package@version@sha256. The build derives archive names without
# resolving dependencies through a live package index.
ada-libs@2.9.2-r1@8ee543cec56b1c889f36e78947e0c959b2fc82ba91c5073a82f96bb90665321e
brotli-libs@1.1.0-r2@0d12b35f0e00657c0bb0630f658b7e3ecf1eaf9a4a3fcd36d07bcd8d6ea26b41
busybox@1.37.0-r14@e0c42bc21e4d25cf5b4e15947d9bd75045ea4b7a8237e87cbefbfa425e7d4717
busybox-binsh@1.37.0-r14@cdb0e74af11fa4cc78cf6626637fdf63ee960871637f15483fcbc111c1f10996
c-ares@1.34.8-r0@1c184e0bccdab868e155c3c242c743b5861d785d982860d8a84ead0f4b06530c
ca-certificates@20260909-r0@21cbb1f7b825c7fee9fe469e0ee18f61da7fe62075796daf8c94b5da74b355d3
ca-certificates-bundle@20260909-r0@46a86ac9de69be7e341fc1b611bd61b88d96c09492f1aa8a4ca0a7592011e03b
gdbm@1.24-r0@261f792e3bd65c0c1859417e324643a49e8a804ddb92ed197b58e7f6606af090
git@2.47.3-r0@1d3696aaf8b7afdbd3fff8cf0954145ff79a9763a602aaa93d249482ef4114bc
git-init-template@2.47.3-r0@451af5557bab28a0afaf1718543c13285d8d6588a22cbd022deb47d03e78355a
icu-data-en@74.2-r1@d0162f61ced41f67709bff1c2f7a689cc7f8a9fe9936bcf9e9c4bddbd00c59d5
icu-libs@74.2-r1@5c2213a7afc90f149c7132374994ffd306735c90e4071b5a9ba307177dc9d3db
jq@1.7.1-r0@19c10367729dc9c1a3bc6f4157715c87624fb1429c1e51d4164a71c4f06ec95e
libbz2@1.0.8-r6@9d8305edec09baad972ed5ec904ab2a111a38f306e71332113799d170c1fe4fe
libcrypto3@3.3.7-r2@3c6fb1c90a974ef0fc83687868712340ca3df3ef5206cfc79fd81ff16f22596a
libcurl@8.14.1-r2@e6f76cb875242f30d5e174ef228a698b73e718217f82f7cc749a6c190672d992
libexpat@2.8.4-r0@065af3b201fbfd91f2d747c1f7a3fea39f1bff9bf664c911ed94ac86fd4b0c56
libffi@3.4.7-r0@819e95a9b0dd12dddb72d7151964855518d83d61dc6b7c9b619dd17233160097
libgcc@14.2.0-r4@8675867db77b5af11b88fd19186450333202d94cccd84a76a066dccd5b6e8cf1
libidn2@2.3.7-r0@3625d1123662203440cd25c09325c7d7891809ec68ad420ba7d8dd0173a737a6
libncursesw@6.5_p20241006-r3@3919cf673e841d91865213799ccfd5f77a48f5f9f5402723167470295ee32a49
libpanelw@6.5_p20241006-r3@f89752780981d11707e7eee3ca7b5a7f52e91e60ee28bd9e1815c7da05741c4a
libpsl@0.21.5-r3@693c1743c6204b9307a539a20d048060350531e50dad4059bdd04feaf4acdc58
libssl3@3.3.7-r2@00e674d00a80c9808580546dd388093c1c67f21628a9d70e27628bddc86a31e8
libstdc++@14.2.0-r4@5899f66390aba2ac908f0912fc62a49775830f523fa38fab406c1761821dfb07
libunistring@1.2-r0@81be06ee6cab58c1b44dd72cd10036457c031a0186a4f915befebb22989b9802
mpdecimal@4.0.0-r0@022349ca371423bf80d45e7f8bd11fa1f8e115d103b8bd8674c8f8dfdcc48286
musl@1.2.5-r11@61e84757a8bfbc0d7fa8f4ce6de9cd4d791714369d78f6a08e5b03510fb2a623
ncurses-terminfo-base@6.5_p20241006-r3@46402464710d165a8fed4b843b3a20d9950e1e9a20923c3869241014bf6b2f51
nghttp2-libs@1.69.0-r0@341724304e3b4bb5ae0ec9021f55da2ef27a19b78ef7873d1a865bdf72dbef0c
nodejs@22.23.2-r0@113736e652b85e75b3f207290b8d73c1142f5194cb9c9855b3f5311e31c19be8
oniguruma@6.9.9-r0@a8c4198e3951e66c4927c8915fc0fb10c628a73dbdb312c6b58f7e6452bfabe2
pcre2@10.43-r0@2054948a7bc4c7c74c2236274b514697d30b309c5f68021d7104b30ce6a489c3
pyc@3.12.14-r0@a8dfd1599ca1a75e51bc02b8dadd56390c4bca4e42bdb63a37f4bdebab7835e4
python3@3.12.14-r0@fd3c107796c723259caa3ccf9c684875a77f2e57fa19a631e2d755c3cf21b0d4
python3-pyc@3.12.14-r0@1f058f0cd678f8d7865dc9492b106f6103a6afe435ff303eea7de36c2c0738ef
python3-pycache-pyc0@3.12.14-r0@2e8f919ef24ca2320ce13f86b0d1184d17d30b4d8e114671ea96b1822cda8d81
readline@8.2.13-r0@fa4ff2347886f5516d021b9064a00259b29fc6e2608eac5588a339de244acf12
ripgrep@14.1.1-r0@213dd0b047163f6627cc2fdd6fbfe205009476eb4fc48c352a3f5b9ab647f6d4
simdjson@3.10.1-r0@75e3a4b59bda6d25ab3f51a660bc59ac0a0b27dccc735a630d2ccd9f3115be4f
simdutf@5.6.3-r0@4712d6ca402254c9a7fccced3e2f7eae4222accfa3800a2982cdc6e41722857e
sqlite-libs@3.48.0-r4@56b55029cce8d43a67f5076e07c96b68b80b26dc412b205b7f0b5c63704ab234
ssl_client@1.37.0-r14@e104e7b0c3176370fef92235cde4608b4434ab482204c6428248fa3743fb5db0
xz-libs@5.8.4-r0@6f5303a049a23f68659205eda4840865370340905e0481ba5266c19e2f49b585
zlib@1.3.2-r0@b224a975eb04ec3ec9bce7db2fce91c9e9d669996f79a9a750d4a3cd9324a404
zstd-libs@1.5.6-r2@45a06bfc107f44502b7e0503fcd5c8d2d2e6cff255134ed959275eb99caf9979
